// !$*UTF8*$!
{
	archiveVersion = 1;
	classes = {
	};
	objectVersion = 46;
	objects = {

/* Begin PBXBuildFile section */
		84152B7A1A818C95006387D5 /* SVar.swift in Sources */ = {isa = PBXBuildFile; fileRef = 84152B791A818C95006387D5 /* SVar.swift */; };
		8434F98619E9CD76008D9909 /* Concurrent.h in Headers */ = {isa = PBXBuildFile; fileRef = 8434F98519E9CD76008D9909 /* Concurrent.h */; settings = {ATTRIBUTES = (Public, ); }; };
		8434F98C19E9CD76008D9909 /* Concurrent.framework in Frameworks */ = {isa = PBXBuildFile; fileRef = 8434F98019E9CD76008D9909 /* Concurrent.framework */; };
		8434F9B019E9CDC0008D9909 /* Chan.swift in Sources */ = {isa = PBXBuildFile; fileRef = 8434F99D19E9CDC0008D9909 /* Chan.swift */; };
		8434F9B119E9CDC0008D9909 /* CONCRealWorld.h in Headers */ = {isa = PBXBuildFile; fileRef = 8434F99E19E9CDC0008D9909 /* CONCRealWorld.h */; settings = {ATTRIBUTES = (Public, ); }; };
		8434F9B219E9CDC0008D9909 /* CONCRealWorld.m in Sources */ = {isa = PBXBuildFile; fileRef = 8434F99F19E9CDC0008D9909 /* CONCRealWorld.m */; };
		8434F9B319E9CDC0008D9909 /* Concurrent-ObjCBridge.h in Headers */ = {isa = PBXBuildFile; fileRef = 8434F9A019E9CDC0008D9909 /* Concurrent-ObjCBridge.h */; };
		8434F9B419E9CDC0008D9909 /* Concurrent.swift in Sources */ = {isa = PBXBuildFile; fileRef = 8434F9A119E9CDC0008D9909 /* Concurrent.swift */; };
		8434F9B519E9CDC0008D9909 /* Future.swift in Sources */ = {isa = PBXBuildFile; fileRef = 8434F9A219E9CDC0008D9909 /* Future.swift */; };
		8434F9B619E9CDC0008D9909 /* IChan.swift in Sources */ = {isa = PBXBuildFile; fileRef = 8434F9A319E9CDC0008D9909 /* IChan.swift */; };
		8434F9B719E9CDC0008D9909 /* IVar.swift in Sources */ = {isa = PBXBuildFile; fileRef = 8434F9A419E9CDC0008D9909 /* IVar.swift */; };
		8434F9B819E9CDC0008D9909 /* MVar.swift in Sources */ = {isa = PBXBuildFile; fileRef = 8434F9A519E9CDC0008D9909 /* MVar.swift */; };
		8434F9B919E9CDC0008D9909 /* QSem.swift in Sources */ = {isa = PBXBuildFile; fileRef = 8434F9A619E9CDC0008D9909 /* QSem.swift */; };
		8434F9D019E9CE1D008D9909 /* PiCalculus.swift in Sources */ = {isa = PBXBuildFile; fileRef = 8434F9CF19E9CE1D008D9909 /* PiCalculus.swift */; };
		8434F9D419E9CE28008D9909 /* ConcurrentTests.swift in Sources */ = {isa = PBXBuildFile; fileRef = 8434F9D319E9CE28008D9909 /* ConcurrentTests.swift */; };
		847520581A7EBA5200975C8B /* Swiftx.framework in Frameworks */ = {isa = PBXBuildFile; fileRef = 847520471A7EBA2D00975C8B /* Swiftx.framework */; };
		8475205A1A7EC3E800975C8B /* Exception.swift in Sources */ = {isa = PBXBuildFile; fileRef = 847520591A7EC3E800975C8B /* Exception.swift */; };
		8475205E1A7EDD3800975C8B /* Swiftx.framework in CopyFiles */ = {isa = PBXBuildFile; fileRef = 847520471A7EBA2D00975C8B /* Swiftx.framework */; settings = {ATTRIBUTES = (CodeSignOnCopy, RemoveHeadersOnCopy, ); }; };
		849AA3AF1A09850400472F08 /* Concurrent.framework in CopyFiles */ = {isa = PBXBuildFile; fileRef = 8434F98019E9CD76008D9909 /* Concurrent.framework */; settings = {ATTRIBUTES = (CodeSignOnCopy, RemoveHeadersOnCopy, ); }; };
/* End PBXBuildFile section */

/* Begin PBXContainerItemProxy section */
		8434F98D19E9CD76008D9909 /* PBXContainerItemProxy */ = {
			isa = PBXContainerItemProxy;
			containerPortal = 8434F97719E9CD76008D9909 /* Project object */;
			proxyType = 1;
			remoteGlobalIDString = 8434F97F19E9CD76008D9909;
			remoteInfo = Concurrent;
		};
		847520461A7EBA2D00975C8B /* PBXContainerItemProxy */ = {
			isa = PBXContainerItemProxy;
			containerPortal = 847520411A7EBA2D00975C8B /* Swiftx.xcodeproj */;
			proxyType = 2;
			remoteGlobalIDString = 84A88C891A70BD71003D53CF;
			remoteInfo = Swiftx;
		};
		847520481A7EBA2D00975C8B /* PBXContainerItemProxy */ = {
			isa = PBXContainerItemProxy;
			containerPortal = 847520411A7EBA2D00975C8B /* Swiftx.xcodeproj */;
			proxyType = 2;
			remoteGlobalIDString = 84A88C941A70BD71003D53CF;
			remoteInfo = SwiftxTests;
		};
		847520561A7EBA4700975C8B /* PBXContainerItemProxy */ = {
			isa = PBXContainerItemProxy;
			containerPortal = 847520411A7EBA2D00975C8B /* Swiftx.xcodeproj */;
			proxyType = 1;
			remoteGlobalIDString = 84A88C881A70BD71003D53CF;
			remoteInfo = Swiftx;
		};
/* End PBXContainerItemProxy section */

/* Begin PBXCopyFilesBuildPhase section */
		849AA3A91A0984D800472F08 /* CopyFiles */ = {
			isa = PBXCopyFilesBuildPhase;
			buildActionMask = 2147483647;
			dstPath = "";
			dstSubfolderSpec = 10;
			files = (
				8475205E1A7EDD3800975C8B /* Swiftx.framework in CopyFiles */,
				849AA3AF1A09850400472F08 /* Concurrent.framework in CopyFiles */,
			);
			runOnlyForDeploymentPostprocessing = 0;
		};
/* End PBXCopyFilesBuildPhase section */

/* Begin PBXFileReference section */
		84152B791A818C95006387D5 /* SVar.swift */ = {isa = PBXFileReference; fileEncoding = 4; lastKnownFileType = sourcecode.swift; path = SVar.swift; sourceTree = "<group>"; };
		8434F98019E9CD76008D9909 /* Concurrent.framework */ = {isa = PBXFileReference; explicitFileType = wrapper.framework; includeInIndex = 0; path = Concurrent.framework; sourceTree = BUILT_PRODUCTS_DIR; };
		8434F98419E9CD76008D9909 /* Info.plist */ = {isa = PBXFileReference; lastKnownFileType = text.plist.xml; path = Info.plist; sourceTree = "<group>"; };
		8434F98519E9CD76008D9909 /* Concurrent.h */ = {isa = PBXFileReference; lastKnownFileType = sourcecode.c.h; path = Concurrent.h; sourceTree = "<group>"; };
		8434F98B19E9CD76008D9909 /* ConcurrentTests.xctest */ = {isa = PBXFileReference; explicitFileType = wrapper.cfbundle; includeInIndex = 0; path = ConcurrentTests.xctest; sourceTree = BUILT_PRODUCTS_DIR; };
		8434F99D19E9CDC0008D9909 /* Chan.swift */ = {isa = PBXFileReference; fileEncoding = 4; lastKnownFileType = sourcecode.swift; path = Chan.swift; sourceTree = "<group>"; };
		8434F99E19E9CDC0008D9909 /* CONCRealWorld.h */ = {isa = PBXFileReference; fileEncoding = 4; lastKnownFileType = sourcecode.c.h; path = CONCRealWorld.h; sourceTree = "<group>"; };
		8434F99F19E9CDC0008D9909 /* CONCRealWorld.m */ = {isa = PBXFileReference; fileEncoding = 4; lastKnownFileType = sourcecode.c.objc; path = CONCRealWorld.m; sourceTree = "<group>"; };
		8434F9A019E9CDC0008D9909 /* Concurrent-ObjCBridge.h */ = {isa = PBXFileReference; fileEncoding = 4; lastKnownFileType = sourcecode.c.h; path = "Concurrent-ObjCBridge.h"; sourceTree = "<group>"; };
		8434F9A119E9CDC0008D9909 /* Concurrent.swift */ = {isa = PBXFileReference; fileEncoding = 4; lastKnownFileType = sourcecode.swift; path = Concurrent.swift; sourceTree = "<group>"; };
		8434F9A219E9CDC0008D9909 /* Future.swift */ = {isa = PBXFileReference; fileEncoding = 4; lastKnownFileType = sourcecode.swift; path = Future.swift; sourceTree = "<group>"; };
		8434F9A319E9CDC0008D9909 /* IChan.swift */ = {isa = PBXFileReference; fileEncoding = 4; lastKnownFileType = sourcecode.swift; path = IChan.swift; sourceTree = "<group>"; };
		8434F9A419E9CDC0008D9909 /* IVar.swift */ = {isa = PBXFileReference; fileEncoding = 4; lastKnownFileType = sourcecode.swift; path = IVar.swift; sourceTree = "<group>"; };
		8434F9A519E9CDC0008D9909 /* MVar.swift */ = {isa = PBXFileReference; fileEncoding = 4; lastKnownFileType = sourcecode.swift; path = MVar.swift; sourceTree = "<group>"; };
		8434F9A619E9CDC0008D9909 /* QSem.swift */ = {isa = PBXFileReference; fileEncoding = 4; lastKnownFileType = sourcecode.swift; path = QSem.swift; sourceTree = "<group>"; };
		8434F9CF19E9CE1D008D9909 /* PiCalculus.swift */ = {isa = PBXFileReference; fileEncoding = 4; lastKnownFileType = sourcecode.swift; path = PiCalculus.swift; sourceTree = "<group>"; };
		8434F9D119E9CE24008D9909 /* Info.plist */ = {isa = PBXFileReference; fileEncoding = 4; lastKnownFileType = text.plist.xml; path = Info.plist; sourceTree = "<group>"; };
		8434F9D319E9CE28008D9909 /* ConcurrentTests.swift */ = {isa = PBXFileReference; fileEncoding = 4; lastKnownFileType = sourcecode.swift; path = ConcurrentTests.swift; sourceTree = "<group>"; };
		847520411A7EBA2D00975C8B /* Swiftx.xcodeproj */ = {isa = PBXFileReference; lastKnownFileType = "wrapper.pb-project"; name = Swiftx.xcodeproj; path = Carthage/Checkouts/Swiftx/Swiftx.xcodeproj; sourceTree = "<group>"; };
		847520591A7EC3E800975C8B /* Exception.swift */ = {isa = PBXFileReference; fileEncoding = 4; lastKnownFileType = sourcecode.swift; path = Exception.swift; sourceTree = "<group>"; };
/* End PBXFileReference section */

/* Begin PBXFrameworksBuildPhase section */
		8434F97C19E9CD76008D9909 /* Frameworks */ = {
			isa = PBXFrameworksBuildPhase;
			buildActionMask = 2147483647;
			files = (
				847520581A7EBA5200975C8B /* Swiftx.framework in Frameworks */,
			);
			runOnlyForDeploymentPostprocessing = 0;
		};
		8434F98819E9CD76008D9909 /* Frameworks */ = {
			isa = PBXFrameworksBuildPhase;
			buildActionMask = 2147483647;
			files = (
				8434F98C19E9CD76008D9909 /* Concurrent.framework in Frameworks */,
			);
			runOnlyForDeploymentPostprocessing = 0;
		};
/* End PBXFrameworksBuildPhase section */

/* Begin PBXGroup section */
		8434F97619E9CD75008D9909 = {
			isa = PBXGroup;
			children = (
				847520411A7EBA2D00975C8B /* Swiftx.xcodeproj */,
				8434F98219E9CD76008D9909 /* Concurrent */,
				8434F98F19E9CD76008D9909 /* ConcurrentTests */,
				8434F98119E9CD76008D9909 /* Products */,
			);
			sourceTree = "<group>";
		};
		8434F98119E9CD76008D9909 /* Products */ = {
			isa = PBXGroup;
			children = (
				8434F98019E9CD76008D9909 /* Concurrent.framework */,
				8434F98B19E9CD76008D9909 /* ConcurrentTests.xctest */,
			);
			name = Products;
			sourceTree = "<group>";
		};
		8434F98219E9CD76008D9909 /* Concurrent */ = {
			isa = PBXGroup;
			children = (
				8434F98519E9CD76008D9909 /* Concurrent.h */,
				8434F99D19E9CDC0008D9909 /* Chan.swift */,
				8434F9A119E9CDC0008D9909 /* Concurrent.swift */,
				847520591A7EC3E800975C8B /* Exception.swift */,
				8434F9A219E9CDC0008D9909 /* Future.swift */,
				8434F9A319E9CDC0008D9909 /* IChan.swift */,
				8434F9A419E9CDC0008D9909 /* IVar.swift */,
				8434F9A519E9CDC0008D9909 /* MVar.swift */,
				84152B791A818C95006387D5 /* SVar.swift */,
				8434F9A619E9CDC0008D9909 /* QSem.swift */,
				8434F98319E9CD76008D9909 /* Supporting Files */,
			);
			path = Concurrent;
			sourceTree = "<group>";
		};
		8434F98319E9CD76008D9909 /* Supporting Files */ = {
			isa = PBXGroup;
			children = (
				8434F98419E9CD76008D9909 /* Info.plist */,
				8434F99E19E9CDC0008D9909 /* CONCRealWorld.h */,
				8434F99F19E9CDC0008D9909 /* CONCRealWorld.m */,
				8434F9A019E9CDC0008D9909 /* Concurrent-ObjCBridge.h */,
			);
			name = "Supporting Files";
			sourceTree = "<group>";
		};
		8434F98F19E9CD76008D9909 /* ConcurrentTests */ = {
			isa = PBXGroup;
			children = (
				8434F9D319E9CE28008D9909 /* ConcurrentTests.swift */,
				8434F9CF19E9CE1D008D9909 /* PiCalculus.swift */,
				8434F99019E9CD76008D9909 /* Supporting Files */,
			);
			path = ConcurrentTests;
			sourceTree = "<group>";
		};
		8434F99019E9CD76008D9909 /* Supporting Files */ = {
			isa = PBXGroup;
			children = (
				8434F9D119E9CE24008D9909 /* Info.plist */,
			);
			name = "Supporting Files";
			sourceTree = "<group>";
		};
		847520421A7EBA2D00975C8B /* Products */ = {
			isa = PBXGroup;
			children = (
				847520471A7EBA2D00975C8B /* Swiftx.framework */,
				847520491A7EBA2D00975C8B /* SwiftxTests.xctest */,
			);
			name = Products;
			sourceTree = "<group>";
		};
/* End PBXGroup section */

/* Begin PBXHeadersBuildPhase section */
		8434F97D19E9CD76008D9909 /* Headers */ = {
			isa = PBXHeadersBuildPhase;
			buildActionMask = 2147483647;
			files = (
				8434F9B119E9CDC0008D9909 /* CONCRealWorld.h in Headers */,
				8434F98619E9CD76008D9909 /* Concurrent.h in Headers */,
				8434F9B319E9CDC0008D9909 /* Concurrent-ObjCBridge.h in Headers */,
			);
			runOnlyForDeploymentPostprocessing = 0;
		};
/* End PBXHeadersBuildPhase section */

/* Begin PBXNativeTarget section */
		8434F97F19E9CD76008D9909 /* Concurrent */ = {
			isa = PBXNativeTarget;
			buildConfigurationList = 8434F99619E9CD76008D9909 /* Build configuration list for PBXNativeTarget "Concurrent" */;
			buildPhases = (
				8434F97B19E9CD76008D9909 /* Sources */,
				8434F97C19E9CD76008D9909 /* Frameworks */,
				8434F97D19E9CD76008D9909 /* Headers */,
				8434F97E19E9CD76008D9909 /* Resources */,
			);
			buildRules = (
			);
			dependencies = (
				847520571A7EBA4700975C8B /* PBXTargetDependency */,
			);
			name = Concurrent;
			productName = Concurrent;
			productReference = 8434F98019E9CD76008D9909 /* Concurrent.framework */;
			productType = "com.apple.product-type.framework";
		};
		8434F98A19E9CD76008D9909 /* ConcurrentTests */ = {
			isa = PBXNativeTarget;
			buildConfigurationList = 8434F99919E9CD76008D9909 /* Build configuration list for PBXNativeTarget "ConcurrentTests" */;
			buildPhases = (
				8434F98719E9CD76008D9909 /* Sources */,
				8434F98819E9CD76008D9909 /* Frameworks */,
				8434F98919E9CD76008D9909 /* Resources */,
				849AA3A91A0984D800472F08 /* CopyFiles */,
			);
			buildRules = (
			);
			dependencies = (
				8434F98E19E9CD76008D9909 /* PBXTargetDependency */,
			);
			name = ConcurrentTests;
			productName = ConcurrentTests;
			productReference = 8434F98B19E9CD76008D9909 /* ConcurrentTests.xctest */;
			productType = "com.apple.product-type.bundle.unit-test";
		};
/* End PBXNativeTarget section */

/* Begin PBXProject section */
		8434F97719E9CD76008D9909 /* Project object */ = {
			isa = PBXProject;
			attributes = {
				LastUpgradeCheck = 0610;
				ORGANIZATIONNAME = TypeLift;
				TargetAttributes = {
					8434F97F19E9CD76008D9909 = {
						CreatedOnToolsVersion = 6.1;
					};
					8434F98A19E9CD76008D9909 = {
						CreatedOnToolsVersion = 6.1;
					};
				};
			};
			buildConfigurationList = 8434F97A19E9CD76008D9909 /* Build configuration list for PBXProject "Concurrent" */;
			compatibilityVersion = "Xcode 3.2";
			developmentRegion = English;
			hasScannedForEncodings = 0;
			knownRegions = (
				en,
			);
			mainGroup = 8434F97619E9CD75008D9909;
			productRefGroup = 8434F98119E9CD76008D9909 /* Products */;
			projectDirPath = "";
			projectReferences = (
				{
					ProductGroup = 847520421A7EBA2D00975C8B /* Products */;
					ProjectRef = 847520411A7EBA2D00975C8B /* Swiftx.xcodeproj */;
				},
			);
			projectRoot = "";
			targets = (
				8434F97F19E9CD76008D9909 /* Concurrent */,
				8434F98A19E9CD76008D9909 /* ConcurrentTests */,
			);
		};
/* End PBXProject section */

/* Begin PBXReferenceProxy section */
		847520471A7EBA2D00975C8B /* Swiftx.framework */ = {
			isa = PBXReferenceProxy;
			fileType = wrapper.framework;
			path = Swiftx.framework;
			remoteRef = 847520461A7EBA2D00975C8B /* PBXContainerItemProxy */;
			sourceTree = BUILT_PRODUCTS_DIR;
		};
		847520491A7EBA2D00975C8B /* SwiftxTests.xctest */ = {
			isa = PBXReferenceProxy;
			fileType = wrapper.cfbundle;
			path = SwiftxTests.xctest;
			remoteRef = 847520481A7EBA2D00975C8B /* PBXContainerItemProxy */;
			sourceTree = BUILT_PRODUCTS_DIR;
		};
/* End PBXReferenceProxy section */

/* Begin PBXResourcesBuildPhase section */
		8434F97E19E9CD76008D9909 /* Resources */ = {
			isa = PBXResourcesBuildPhase;
			buildActionMask = 2147483647;
			files = (
			);
			runOnlyForDeploymentPostprocessing = 0;
		};
		8434F98919E9CD76008D9909 /* Resources */ = {
			isa = PBXResourcesBuildPhase;
			buildActionMask = 2147483647;
			files = (
			);
			runOnlyForDeploymentPostprocessing = 0;
		};
/* End PBXResourcesBuildPhase section */

/* Begin PBXSourcesBuildPhase section */
		8434F97B19E9CD76008D9909 /* Sources */ = {
			isa = PBXSourcesBuildPhase;
			buildActionMask = 2147483647;
			files = (
				8475205A1A7EC3E800975C8B /* Exception.swift in Sources */,
				8434F9B919E9CDC0008D9909 /* QSem.swift in Sources */,
				8434F9B619E9CDC0008D9909 /* IChan.swift in Sources */,
				8434F9B219E9CDC0008D9909 /* CONCRealWorld.m in Sources */,
				8434F9B819E9CDC0008D9909 /* MVar.swift in Sources */,
				8434F9B419E9CDC0008D9909 /* Concurrent.swift in Sources */,
				8434F9B519E9CDC0008D9909 /* Future.swift in Sources */,
				8434F9B719E9CDC0008D9909 /* IVar.swift in Sources */,
				8434F9B019E9CDC0008D9909 /* Chan.swift in Sources */,
				84152B7A1A818C95006387D5 /* SVar.swift in Sources */,
			);
			runOnlyForDeploymentPostprocessing = 0;
		};
		8434F98719E9CD76008D9909 /* Sources */ = {
			isa = PBXSourcesBuildPhase;
			buildActionMask = 2147483647;
			files = (
				8434F9D419E9CE28008D9909 /* ConcurrentTests.swift in Sources */,
				8434F9D019E9CE1D008D9909 /* PiCalculus.swift in Sources */,
			);
			runOnlyForDeploymentPostprocessing = 0;
		};
/* End PBXSourcesBuildPhase section */

/* Begin PBXTargetDependency section */
		8434F98E19E9CD76008D9909 /* PBXTargetDependency */ = {
			isa = PBXTargetDependency;
			target = 8434F97F19E9CD76008D9909 /* Concurrent */;
			targetProxy = 8434F98D19E9CD76008D9909 /* PBXContainerItemProxy */;
		};
		847520571A7EBA4700975C8B /* PBXTargetDependency */ = {
			isa = PBXTargetDependency;
			name = Swiftx;
			targetProxy = 847520561A7EBA4700975C8B /* PBXContainerItemProxy */;
		};
/* End PBXTargetDependency section */

/* Begin XCBuildConfiguration section */
		8434F99419E9CD76008D9909 /* Debug */ = {
			isa = XCBuildConfiguration;
			buildSettings = {
				ALWAYS_SEARCH_USER_PATHS = NO;
				CLANG_CXX_LANGUAGE_STANDARD = "gnu++0x";
				CLANG_CXX_LIBRARY = "libc++";
				CLANG_ENABLE_MODULES = YES;
				CLANG_ENABLE_OBJC_ARC = YES;
				CLANG_WARN_BOOL_CONVERSION = YES;
				CLANG_WARN_CONSTANT_CONVERSION = YES;
				CLANG_WARN_DIRECT_OBJC_ISA_USAGE = YES_ERROR;
				CLANG_WARN_EMPTY_BODY = YES;
				CLANG_WARN_ENUM_CONVERSION = YES;
				CLANG_WARN_INT_CONVERSION = YES;
				CLANG_WARN_OBJC_ROOT_CLASS = YES_ERROR;
				CLANG_WARN_UNREACHABLE_CODE = YES;
				CLANG_WARN__DUPLICATE_METHOD_MATCH = YES;
				COPY_PHASE_STRIP = NO;
				CURRENT_PROJECT_VERSION = 1;
				ENABLE_STRICT_OBJC_MSGSEND = YES;
				GCC_C_LANGUAGE_STANDARD = gnu99;
				GCC_DYNAMIC_NO_PIC = NO;
				GCC_OPTIMIZATION_LEVEL = 0;
				GCC_PREPROCESSOR_DEFINITIONS = (
					"DEBUG=1",
					"$(inherited)",
				);
				GCC_SYMBOLS_PRIVATE_EXTERN = NO;
				GCC_WARN_64_TO_32_BIT_CONVERSION = YES;
				GCC_WARN_ABOUT_RETURN_TYPE = YES_ERROR;
				GCC_WARN_UNDECLARED_SELECTOR = YES;
				GCC_WARN_UNINITIALIZED_AUTOS = YES_AGGRESSIVE;
				GCC_WARN_UNUSED_FUNCTION = YES;
				GCC_WARN_UNUSED_VARIABLE = YES;
				MACOSX_DEPLOYMENT_TARGET = 10.10;
				MTL_ENABLE_DEBUG_INFO = YES;
				ONLY_ACTIVE_ARCH = YES;
				SDKROOT = macosx;
				SWIFT_OPTIMIZATION_LEVEL = "-Onone";
				VERSIONING_SYSTEM = "apple-generic";
				VERSION_INFO_PREFIX = "";
			};
			name = Debug;
		};
		8434F99519E9CD76008D9909 /* Release */ = {
			isa = XCBuildConfiguration;
			buildSettings = {
				ALWAYS_SEARCH_USER_PATHS = NO;
				CLANG_CXX_LANGUAGE_STANDARD = "gnu++0x";
				CLANG_CXX_LIBRARY = "libc++";
				CLANG_ENABLE_MODULES = YES;
				CLANG_ENABLE_OBJC_ARC = YES;
				CLANG_WARN_BOOL_CONVERSION = YES;
				CLANG_WARN_CONSTANT_CONVERSION = YES;
				CLANG_WARN_DIRECT_OBJC_ISA_USAGE = YES_ERROR;
				CLANG_WARN_EMPTY_BODY = YES;
				CLANG_WARN_ENUM_CONVERSION = YES;
				CLANG_WARN_INT_CONVERSION = YES;
				CLANG_WARN_OBJC_ROOT_CLASS = YES_ERROR;
				CLANG_WARN_UNREACHABLE_CODE = YES;
				CLANG_WARN__DUPLICATE_METHOD_MATCH = YES;
				COPY_PHASE_STRIP = YES;
				CURRENT_PROJECT_VERSION = 1;
				DEBUG_INFORMATION_FORMAT = "dwarf-with-dsym";
				ENABLE_NS_ASSERTIONS = NO;
				ENABLE_STRICT_OBJC_MSGSEND = YES;
				GCC_C_LANGUAGE_STANDARD = gnu99;
				GCC_WARN_64_TO_32_BIT_CONVERSION = YES;
				GCC_WARN_ABOUT_RETURN_TYPE = YES_ERROR;
				GCC_WARN_UNDECLARED_SELECTOR = YES;
				GCC_WARN_UNINITIALIZED_AUTOS = YES_AGGRESSIVE;
				GCC_WARN_UNUSED_FUNCTION = YES;
				GCC_WARN_UNUSED_VARIABLE = YES;
				MACOSX_DEPLOYMENT_TARGET = 10.10;
				MTL_ENABLE_DEBUG_INFO = NO;
				SDKROOT = macosx;
				VERSIONING_SYSTEM = "apple-generic";
				VERSION_INFO_PREFIX = "";
			};
			name = Release;
		};
		8434F99719E9CD76008D9909 /* Debug */ = {
			isa = XCBuildConfiguration;
			buildSettings = {
				CLANG_ENABLE_MODULES = YES;
				COMBINE_HIDPI_IMAGES = YES;
				DEFINES_MODULE = YES;
				DYLIB_COMPATIBILITY_VERSION = 1;
				DYLIB_CURRENT_VERSION = 1;
				DYLIB_INSTALL_NAME_BASE = "@rpath";
				FRAMEWORK_VERSION = A;
				INFOPLIST_FILE = Concurrent/Info.plist;
				INSTALL_PATH = "$(LOCAL_LIBRARY_DIR)/Frameworks";
				LD_RUNPATH_SEARCH_PATHS = "$(inherited) @executable_path/../Frameworks @loader_path/Frameworks";
				PRODUCT_NAME = "$(TARGET_NAME)";
				SKIP_INSTALL = YES;
				SWIFT_OPTIMIZATION_LEVEL = "-Onone";
			};
			name = Debug;
		};
		8434F99819E9CD76008D9909 /* Release */ = {
			isa = XCBuildConfiguration;
			buildSettings = {
				CLANG_ENABLE_MODULES = YES;
				COMBINE_HIDPI_IMAGES = YES;
				DEFINES_MODULE = YES;
				DYLIB_COMPATIBILITY_VERSION = 1;
				DYLIB_CURRENT_VERSION = 1;
				DYLIB_INSTALL_NAME_BASE = "@rpath";
				FRAMEWORK_VERSION = A;
				INFOPLIST_FILE = Concurrent/Info.plist;
				INSTALL_PATH = "$(LOCAL_LIBRARY_DIR)/Frameworks";
				LD_RUNPATH_SEARCH_PATHS = "$(inherited) @executable_path/../Frameworks @loader_path/Frameworks";
				PRODUCT_NAME = "$(TARGET_NAME)";
				SKIP_INSTALL = YES;
			};
			name = Release;
		};
		8434F99A19E9CD76008D9909 /* Debug */ = {
			isa = XCBuildConfiguration;
			buildSettings = {
				COMBINE_HIDPI_IMAGES = YES;
				FRAMEWORK_SEARCH_PATHS = (
					"$(DEVELOPER_FRAMEWORKS_DIR)",
					"$(inherited)",
				);
				GCC_PREPROCESSOR_DEFINITIONS = (
					"DEBUG=1",
					"$(inherited)",
				);
				INFOPLIST_FILE = ConcurrentTests/Info.plist;
				LD_RUNPATH_SEARCH_PATHS = "$(inherited) @executable_path/../Frameworks @loader_path/../Frameworks";
				PRODUCT_NAME = "$(TARGET_NAME)";
			};
			name = Debug;
		};
		8434F99B19E9CD76008D9909 /* Release */ = {
			isa = XCBuildConfiguration;
			buildSettings = {
				COMBINE_HIDPI_IMAGES = YES;
				FRAMEWORK_SEARCH_PATHS = (
					"$(DEVELOPER_FRAMEWORKS_DIR)",
					"$(inherited)",
				);
				INFOPLIST_FILE = ConcurrentTests/Info.plist;
				LD_RUNPATH_SEARCH_PATHS = "$(inherited) @executable_path/../Frameworks @loader_path/../Frameworks";
				PRODUCT_NAME = "$(TARGET_NAME)";
			};
			name = Release;
		};
/* End XCBuildConfiguration section */

/* Begin XCConfigurationList section */
		8434F97A19E9CD76008D9909 /* Build configuration list for PBXProject "Concurrent" */ = {
			isa = XCConfigurationList;
			buildConfigurations = (
				8434F99419E9CD76008D9909 /* Debug */,
				8434F99519E9CD76008D9909 /* Release */,
			);
			defaultConfigurationIsVisible = 0;
			defaultConfigurationName = Release;
		};
		8434F99619E9CD76008D9909 /* Build configuration list for PBXNativeTarget "Concurrent" */ = {
			isa = XCConfigurationList;
			buildConfigurations = (
				8434F99719E9CD76008D9909 /* Debug */,
				8434F99819E9CD76008D9909 /* Release */,
			);
			defaultConfigurationIsVisible = 0;
			defaultConfigurationName = Release;
		};
		8434F99919E9CD76008D9909 /* Build configuration list for PBXNativeTarget "ConcurrentTests" */ = {
			isa = XCConfigurationList;
			buildConfigurations = (
				8434F99A19E9CD76008D9909 /* Debug */,
				8434F99B19E9CD76008D9909 /* Release */,
			);
			defaultConfigurationIsVisible = 0;
			defaultConfigurationName = Release;
		};
/* End XCConfigurationList section */
	};
	rootObject = 8434F97719E9CD76008D9909 /* Project object */;
}
